{
  "lockfileVersion": 1,
  "configVersion": 1,
  "workspaces": {
    "": {
      "dependencies": {
        "@catppuccin/vitepress": "^0.1.2",
      },
    },
  },
  "packages": {
    "@catppuccin/vitepress": ["@catppuccin/vitepress@0.1.2", "", { "peerDependencies": { "typescript": "^5.0.0" } }, "sha512-dqhgo6U6GWbgh3McAgwemUC8Y2Aj48rRcQx/9iuPzBPAgo7NA3yi7ZcR0wolAENMmoOMAHBV+rz/5DfiGxtZLA=="],

    "typescript": ["typescript@5.9.3", "", { "bin": { "tsc": "bin/tsc", "tsserver": "bin/tsserver" } }, "sha512-jl1vZzPDinLr9eUt3J/t7V6FgNEw9QjvBPdysz9KfQDD41fQrC2Y4vKQdiaUpFT4bXlb1RHhLpp8wtm6M5TgSw=="],
  }
}
